{
  "name": "exupery-core-bin",
  "version": "0.3.41",
  "lockfileVersion": 3,
  "requires": true,
  "packages": {
    "": {
      "name": "exupery-core-bin",
      "version": "0.3.41",
      "license": "ISC",
      "dependencies": {
        "exupery-core-async": "^0.3.77",
        "exupery-core-internals": "^0.3.19",
        "exupery-resources": "^0.3.42"
      },
      "devDependencies": {
        "@types/node": "^24.5.2"
      }
    },
    "node_modules/@types/node": {
      "version": "24.10.4",
      "resolved": "https://registry.npmjs.org/@types/node/-/node-24.10.4.tgz",
      "integrity": "sha512-vnDVpYPMzs4wunl27jHrfmwojOGKya0xyM3sH+UE5iv5uPS6vX7UIoh6m+vQc5LGBq52HBKPIn/zcSZVzeDEZg==",
      "dev": true,
      "license": "MIT",
      "dependencies": {
        "undici-types": "~7.16.0"
      }
    },
    "node_modules/exupery-core-alg": {
      "version": "0.5.15",
      "resolved": "https://registry.npmjs.org/exupery-core-alg/-/exupery-core-alg-0.5.15.tgz",
      "integrity": "sha512-4k4EKtnSweIzs/zj1+olcMKObA4GzPcRz0X1zA95B4/DeglQAJnIZtOwdssJWaZweeKNUkPzOSOmmdduNF1fvg==",
      "license": "ISC",
      "dependencies": {
        "exupery-core-internals": "^0.3.17"
      }
    },
    "node_modules/exupery-core-async": {
      "version": "0.3.77",
      "resolved": "https://registry.npmjs.org/exupery-core-async/-/exupery-core-async-0.3.77.tgz",
      "integrity": "sha512-edxc9VEibxtQHFik0VZ/htEC/H/xTyQ6THU5JDwxf2pDqmXA5LVe7J1ds1ABycjxIbNDN1iuO1Y7O61xm2RMUA==",
      "license": "Apache-2.0",
      "dependencies": {
        "exupery-core-internals": "^0.3.19",
        "exupery-core-types": "^0.3.59"
      }
    },
    "node_modules/exupery-core-data": {
      "version": "0.3.3",
      "resolved": "https://registry.npmjs.org/exupery-core-data/-/exupery-core-data-0.3.3.tgz",
      "integrity": "sha512-By9Ij7Ei+TRZPm+3BjNllbK0qId6EPs6cwGejvThnI/gV7NsSSXiONsKdiNcX8LCSy8oIpHh4z8sYQxROhgMXA==",
      "license": "ISC",
      "dependencies": {
        "exupery-core-internals": "^0.3.10"
      }
    },
    "node_modules/exupery-core-dev": {
      "version": "0.3.3",
      "resolved": "https://registry.npmjs.org/exupery-core-dev/-/exupery-core-dev-0.3.3.tgz",
      "integrity": "sha512-TyWCPRrl8IFddtf0eaIJqVZb6LVfQsmrdm1zSQZ1qTbg8ZU3BNMw5c0fv2Snn7xWfyrnIVidWjEqoA47aYOCQg==",
      "license": "ISC",
      "dependencies": {
        "exupery-core-internals": "^0.3.17"
      }
    },
    "node_modules/exupery-core-internals": {
      "version": "0.3.19",
      "resolved": "https://registry.npmjs.org/exupery-core-internals/-/exupery-core-internals-0.3.19.tgz",
      "integrity": "sha512-lfbgnA1jGf1BfNdcnj8I+EJGDSElq+YjNbcH2u1ZfVWj+euXJXnOQK6xqOVchDJMnnPU5otItdJiVAfQEtgneQ==",
      "license": "ISC",
      "dependencies": {
        "exupery-core-types": "^0.3.59"
      }
    },
    "node_modules/exupery-core-types": {
      "version": "0.3.59",
      "resolved": "https://registry.npmjs.org/exupery-core-types/-/exupery-core-types-0.3.59.tgz",
      "integrity": "sha512-TPL5gqVPy/iO3HOjuIAuQaqeds0NvqDDw8XPPjc9266oeZgpZRxWD62jKxo153TYvqJGDUq3WGrklxkSeGZjDQ==",
      "license": "Apache-2.0"
    },
    "node_modules/exupery-resources": {
      "version": "0.3.42",
      "resolved": "https://registry.npmjs.org/exupery-resources/-/exupery-resources-0.3.42.tgz",
      "integrity": "sha512-JnSkwjx1iBUmHjAoqaaLS+6Ysa5xZagN6yQKbI0A0wQ/BgpbA/zNoN/pY9dUn/rwXep3NGTSbtm4TK9bpfTgOg==",
      "dependencies": {
        "exupery-core-alg": "^0.5.15",
        "exupery-core-async": "^0.3.76",
        "exupery-core-dev": "^0.3.3",
        "pareto-fountain-pen": "^0.3.14"
      }
    },
    "node_modules/pareto-fountain-pen": {
      "version": "0.3.14",
      "resolved": "https://registry.npmjs.org/pareto-fountain-pen/-/pareto-fountain-pen-0.3.14.tgz",
      "integrity": "sha512-oOZ7mdT7hBaCHASfF+rZqegqMvLJoa9ymtaGzS2l93qiwMvIYkVaWeKAX9Uo5SvyB/6qtvs9n+v4LAcF+bLOqg==",
      "license": "Apache-2.0",
      "dependencies": {
        "exupery-core-alg": "^0.5.15",
        "exupery-core-data": "^0.3.3",
        "exupery-core-dev": "^0.3.3",
        "pareto-standard-operations": "^0.3.16"
      },
      "engines": {
        "node": ">=14.0.0"
      }
    },
    "node_modules/pareto-standard-operations": {
      "version": "0.3.17",
      "resolved": "https://registry.npmjs.org/pareto-standard-operations/-/pareto-standard-operations-0.3.17.tgz",
      "integrity": "sha512-XYAyrIU0AGigJA+jYkCn4jOnKguUtDBzmL9yEWkA4S8GXlaIFesb1JUP3nOUpEASycpd30lA836PS2HooODiEg==",
      "dependencies": {
        "exupery-core-alg": "^0.5.15"
      }
    },
    "node_modules/undici-types": {
      "version": "7.16.0",
      "resolved": "https://registry.npmjs.org/undici-types/-/undici-types-7.16.0.tgz",
      "integrity": "sha512-Zz+aZWSj8LE6zoxD+xrjh4VfkIG8Ya6LvYkZqtUQGJPZjYl53ypCaUwWqo7eI0x66KBGeRo+mlBEkMSeSZ38Nw==",
      "dev": true,
      "license": "MIT"
    }
  }
}
