{
  "name": "exupery-core-bin",
  "version": "0.2.0",
  "lockfileVersion": 3,
  "requires": true,
  "packages": {
    "": {
      "name": "exupery-core-bin",
      "version": "0.2.0",
      "license": "ISC",
      "dependencies": {
        "exupery-core-internals": "^0.23.2"
      },
      "devDependencies": {
        "@types/node": "^18.11.9"
      }
    },
    "node_modules/@types/node": {
      "version": "18.19.71",
      "resolved": "https://registry.npmjs.org/@types/node/-/node-18.19.71.tgz",
      "integrity": "sha512-evXpcgtZm8FY4jqBSN8+DmOTcVkkvTmAayeo4Wf3m1xAruyVGzGuDh/Fb/WWX2yLItUiho42ozyJjB0dw//Tkw==",
      "dev": true,
      "license": "MIT",
      "dependencies": {
        "undici-types": "~5.26.4"
      }
    },
    "node_modules/exupery-core-internals": {
      "version": "0.23.0",
      "resolved": "https://registry.npmjs.org/exupery-core-internals/-/exupery-core-internals-0.23.0.tgz",
      "integrity": "sha512-NPkSY9CnC2SK5Il53096dSC1QUyalQDxCjv+NEwYmcPr11NC83D3FDxu8lEqeJe8U9mYOncLxPDCObe1xfjOKA==",
      "license": "ISC",
      "dependencies": {
        "exupery-core-types": "^0.17.2"
      }
    },
    "node_modules/exupery-core-types": {
      "version": "0.17.2",
      "resolved": "https://registry.npmjs.org/exupery-core-types/-/exupery-core-types-0.17.2.tgz",
      "integrity": "sha512-nYMMUDZqeE+WrPfr28dpDKTQMBLEgZ2dCgVdFlROG0Wp3J+1ID8CY+dvjyeimtv9e4zg7Vqiw4VdW3k1G/5E4w==",
      "license": "ISC"
    },
    "node_modules/undici-types": {
      "version": "5.26.5",
      "resolved": "https://registry.npmjs.org/undici-types/-/undici-types-5.26.5.tgz",
      "integrity": "sha512-JlCMO+ehdEIKqlFxk6IfVoAUVmgz7cU7zD/h9XZ0qzeosSHmUJVOzSQvvYSYWXkFXC+IfLKSIffhv0sVZup6pA==",
      "dev": true,
      "license": "MIT"
    }
  }
}
