{
  "name": "exupery-core-bin",
  "version": "0.3.29",
  "lockfileVersion": 3,
  "requires": true,
  "packages": {
    "": {
      "name": "exupery-core-bin",
      "version": "0.3.29",
      "license": "ISC",
      "dependencies": {
        "exupery-core-async": "^0.3.59",
        "exupery-core-internals": "^0.3.10",
        "exupery-resources": "^0.3.13"
      },
      "devDependencies": {
        "@types/node": "^24.5.2"
      }
    },
    "node_modules/@types/node": {
      "version": "24.10.1",
      "resolved": "https://registry.npmjs.org/@types/node/-/node-24.10.1.tgz",
      "integrity": "sha512-GNWcUTRBgIRJD5zj+Tq0fKOJ5XZajIiBroOF0yvj2bSU1WvNdYS/dn9UxwsujGW4JX06dnHyjV2y9rRaybH0iQ==",
      "dev": true,
      "license": "MIT",
      "dependencies": {
        "undici-types": "~7.16.0"
      }
    },
    "node_modules/exupery-core-alg": {
      "version": "0.5.11",
      "resolved": "https://registry.npmjs.org/exupery-core-alg/-/exupery-core-alg-0.5.11.tgz",
      "integrity": "sha512-NDCxzl2nIJkNJZzTW5LkYD5ae160+7Pu4ngue/mgermV5Olp3kDtNns2PmGkFlN1ND6FaEtm1Pt1BsU6ATHavw==",
      "license": "ISC",
      "dependencies": {
        "exupery-core-internals": "^0.3.10"
      }
    },
    "node_modules/exupery-core-async": {
      "version": "0.3.62",
      "resolved": "https://registry.npmjs.org/exupery-core-async/-/exupery-core-async-0.3.62.tgz",
      "integrity": "sha512-FGO9RXjDOFa3gW1iDLJ/x6bqUnYdZzaWljUX/PWDkMmTTRz0bI2pSbg4hApQABWuD463U7OLZMe0fCtkDYWRZA==",
      "license": "Apache-2.0",
      "dependencies": {
        "exupery-core-internals": "^0.3.10",
        "exupery-core-types": "^0.3.41"
      }
    },
    "node_modules/exupery-core-data": {
      "version": "0.3.3",
      "resolved": "https://registry.npmjs.org/exupery-core-data/-/exupery-core-data-0.3.3.tgz",
      "integrity": "sha512-By9Ij7Ei+TRZPm+3BjNllbK0qId6EPs6cwGejvThnI/gV7NsSSXiONsKdiNcX8LCSy8oIpHh4z8sYQxROhgMXA==",
      "license": "ISC",
      "dependencies": {
        "exupery-core-internals": "^0.3.10"
      }
    },
    "node_modules/exupery-core-dev": {
      "version": "0.3.2",
      "resolved": "https://registry.npmjs.org/exupery-core-dev/-/exupery-core-dev-0.3.2.tgz",
      "integrity": "sha512-VJFLF+FiCGjSQhsxr5tQmkJuaV6ppXs3H+mftV1pwkYi5JMzQJSRFWbhHqAprDhzrOIySJwyDxJUtlqSJrFQcQ==",
      "license": "ISC",
      "dependencies": {
        "exupery-core-internals": "^0.3.10"
      }
    },
    "node_modules/exupery-core-internals": {
      "version": "0.3.12",
      "resolved": "https://registry.npmjs.org/exupery-core-internals/-/exupery-core-internals-0.3.12.tgz",
      "integrity": "sha512-lKBQ6Mh5ZGpsXps5TUure0YX55khrqghFUEfEWoKg+hSI7wHtlTdnoOQSVuRtYeReRmbjpYaS+kMRG71qrhM/A==",
      "license": "ISC",
      "dependencies": {
        "exupery-core-types": "^0.3.43"
      }
    },
    "node_modules/exupery-core-types": {
      "version": "0.3.43",
      "resolved": "https://registry.npmjs.org/exupery-core-types/-/exupery-core-types-0.3.43.tgz",
      "integrity": "sha512-uNfnm2qOdr3yCTTiEcO85lLT/nPH0OACA4napDYkKSRMoed+go6wjXzUt+Z0hOvvNqIqbX+f8xUTF0ntJjYhwg==",
      "license": "Apache-2.0"
    },
    "node_modules/exupery-resources": {
      "version": "0.3.14",
      "resolved": "https://registry.npmjs.org/exupery-resources/-/exupery-resources-0.3.14.tgz",
      "integrity": "sha512-Ica7ncBsV15tZmpmfYY9silUhHh9mOmvP+Gz8V7fOODbvNKJJEubtK9viL0aEFtuztCtznCljS0Lo+P+rhJf0Q==",
      "dependencies": {
        "exupery-core-alg": "^0.5.10",
        "exupery-core-async": "^0.3.58",
        "exupery-core-dev": "^0.3.1",
        "pareto-fountain-pen": "^0.3.10"
      }
    },
    "node_modules/pareto-fountain-pen": {
      "version": "0.3.11",
      "resolved": "https://registry.npmjs.org/pareto-fountain-pen/-/pareto-fountain-pen-0.3.11.tgz",
      "integrity": "sha512-XoFHaaqtTEm68n8R1k9yxdmQbvTPYQwTj9Ln7joJc98wRIijTXqmntHxZdsY7nL+xUDAluxS2ThZF5iAX1sNtQ==",
      "license": "Apache-2.0",
      "dependencies": {
        "exupery-core-alg": "^0.5.10",
        "exupery-core-data": "^0.3.1",
        "exupery-core-dev": "^0.3.1",
        "pareto-standard-operations": "^0.3.8"
      },
      "engines": {
        "node": ">=14.0.0"
      }
    },
    "node_modules/pareto-standard-operations": {
      "version": "0.3.9",
      "resolved": "https://registry.npmjs.org/pareto-standard-operations/-/pareto-standard-operations-0.3.9.tgz",
      "integrity": "sha512-4mO0uHRWdR4CPWES1TMeV9sckJ49oaL+2NaW6thl50i33YeJuAuIJMiIm+Hd55xnQiakzz0C6NCONcuKYIbGSg==",
      "dependencies": {
        "exupery-core-alg": "^0.5.10"
      }
    },
    "node_modules/undici-types": {
      "version": "7.16.0",
      "resolved": "https://registry.npmjs.org/undici-types/-/undici-types-7.16.0.tgz",
      "integrity": "sha512-Zz+aZWSj8LE6zoxD+xrjh4VfkIG8Ya6LvYkZqtUQGJPZjYl53ypCaUwWqo7eI0x66KBGeRo+mlBEkMSeSZ38Nw==",
      "dev": true,
      "license": "MIT"
    }
  }
}
