{
  "name": "exupery-core-async",
  "version": "0.1.44",
  "lockfileVersion": 3,
  "requires": true,
  "packages": {
    "": {
      "name": "exupery-core-async",
      "version": "0.1.44",
      "license": "Apache-2.0",
      "dependencies": {
        "exupery-core-internals": "^0.2.0"
      }
    },
    "node_modules/exupery-core-internals": {
      "version": "0.2.0",
      "resolved": "https://registry.npmjs.org/exupery-core-internals/-/exupery-core-internals-0.2.0.tgz",
      "integrity": "sha512-Y35ieuL3dXPrKnlSKvS4wSAZYjR5ACKYn+4FC2dsTlOZO0aXlHqQKYSTy/0uU+710Qxxe7PSb62ktS4WTtYsqg==",
      "license": "ISC",
      "dependencies": {
        "exupery-core-types": "^0.2.0"
      }
    },
    "node_modules/exupery-core-types": {
      "version": "0.2.0",
      "resolved": "https://registry.npmjs.org/exupery-core-types/-/exupery-core-types-0.2.0.tgz",
      "integrity": "sha512-Wh4tIDr3JOW/0XSMEnpcvoGsaWoY3fUDrSHxmPae1DdoTiC/cLy+T9JyvMdz26DEHjxW2J48kk5DGhJ8JZsNHA==",
      "license": "Apache-2.0"
    }
  }
}
