{
  "name": "exupery-core-async",
  "version": "0.3.61",
  "lockfileVersion": 3,
  "requires": true,
  "packages": {
    "": {
      "name": "exupery-core-async",
      "version": "0.3.61",
      "license": "Apache-2.0",
      "dependencies": {
        "exupery-core-internals": "^0.3.10",
        "exupery-core-types": "^0.3.41"
      }
    },
    "node_modules/exupery-core-internals": {
      "version": "0.3.10",
      "resolved": "https://registry.npmjs.org/exupery-core-internals/-/exupery-core-internals-0.3.10.tgz",
      "integrity": "sha512-SVpOM8qqk58U6oM1nsN55g1+qSdI0klKFwWBWE2yMlDZUTHiemhCCwHHRzNXOlmzsDErGQhYt3GbCiMQb+IAnQ==",
      "license": "ISC",
      "dependencies": {
        "exupery-core-types": "^0.3.41"
      }
    },
    "node_modules/exupery-core-types": {
      "version": "0.3.41",
      "resolved": "https://registry.npmjs.org/exupery-core-types/-/exupery-core-types-0.3.41.tgz",
      "integrity": "sha512-WucAFS2OJk2z+EJe6d3wZFc3LqHhBXe0dQ+PQAHuLD4cbE9dGGyQ/mJmv79YrPv5LAQP4Gu9QNzdCQzTZAgDZA==",
      "license": "Apache-2.0"
    }
  }
}
