{
  "name": "exupery-core-async",
  "version": "0.3.74",
  "lockfileVersion": 3,
  "requires": true,
  "packages": {
    "": {
      "name": "exupery-core-async",
      "version": "0.3.74",
      "license": "Apache-2.0",
      "dependencies": {
        "exupery-core-internals": "^0.3.17",
        "exupery-core-types": "^0.3.55"
      }
    },
    "node_modules/exupery-core-internals": {
      "version": "0.3.17",
      "resolved": "https://registry.npmjs.org/exupery-core-internals/-/exupery-core-internals-0.3.17.tgz",
      "integrity": "sha512-PNRiipXwzmvJ2W878TDMN8OS38n307gb8YCDpzOEoqkCo0kRZfSSXvM5HuC875k/fTpa501N5dBTyHEwzplK2g==",
      "license": "ISC",
      "dependencies": {
        "exupery-core-types": "^0.3.55"
      }
    },
    "node_modules/exupery-core-types": {
      "version": "0.3.55",
      "resolved": "https://registry.npmjs.org/exupery-core-types/-/exupery-core-types-0.3.55.tgz",
      "integrity": "sha512-L5gz5AE2fXARaF57qmggip/PCs8G8yjVh0BaeV9oi8Z3t85Pw4FRCwa5TYG+tkQX8p1qlubiuaHhxwLua2ykYQ==",
      "license": "Apache-2.0"
    }
  }
}
