{
  "name": "exupery-core-data",
  "version": "0.2.0",
  "lockfileVersion": 3,
  "requires": true,
  "packages": {
    "": {
      "name": "exupery-core-data",
      "version": "0.2.0",
      "license": "ISC",
      "dependencies": {
        "exupery-core-internals": "^0.2.0"
      },
      "devDependencies": {
        "@types/node": "^18.15.3"
      }
    },
    "node_modules/@types/node": {
      "version": "18.19.130",
      "resolved": "https://registry.npmjs.org/@types/node/-/node-18.19.130.tgz",
      "integrity": "sha512-GRaXQx6jGfL8sKfaIDD6OupbIHBr9jv7Jnaml9tB7l4v068PAOXqfcujMMo5PhbIs6ggR1XODELqahT2R8v0fg==",
      "dev": true,
      "license": "MIT",
      "dependencies": {
        "undici-types": "~5.26.4"
      }
    },
    "node_modules/exupery-core-internals": {
      "version": "0.2.0",
      "resolved": "https://registry.npmjs.org/exupery-core-internals/-/exupery-core-internals-0.2.0.tgz",
      "integrity": "sha512-Y35ieuL3dXPrKnlSKvS4wSAZYjR5ACKYn+4FC2dsTlOZO0aXlHqQKYSTy/0uU+710Qxxe7PSb62ktS4WTtYsqg==",
      "license": "ISC",
      "dependencies": {
        "exupery-core-types": "^0.2.0"
      }
    },
    "node_modules/exupery-core-types": {
      "version": "0.2.0",
      "resolved": "https://registry.npmjs.org/exupery-core-types/-/exupery-core-types-0.2.0.tgz",
      "integrity": "sha512-Wh4tIDr3JOW/0XSMEnpcvoGsaWoY3fUDrSHxmPae1DdoTiC/cLy+T9JyvMdz26DEHjxW2J48kk5DGhJ8JZsNHA==",
      "license": "Apache-2.0"
    },
    "node_modules/undici-types": {
      "version": "5.26.5",
      "resolved": "https://registry.npmjs.org/undici-types/-/undici-types-5.26.5.tgz",
      "integrity": "sha512-JlCMO+ehdEIKqlFxk6IfVoAUVmgz7cU7zD/h9XZ0qzeosSHmUJVOzSQvvYSYWXkFXC+IfLKSIffhv0sVZup6pA==",
      "dev": true,
      "license": "MIT"
    }
  }
}
