{
  "name": "exupery-core-alg",
  "version": "0.1.0",
  "lockfileVersion": 3,
  "requires": true,
  "packages": {
    "": {
      "name": "exupery-core-alg",
      "version": "0.1.0",
      "license": "ISC",
      "dependencies": {
        "exupery-core-internals": "^0.1.1"
      }
    },
    "node_modules/exupery-core-internals": {
      "version": "0.1.1",
      "resolved": "https://registry.npmjs.org/exupery-core-internals/-/exupery-core-internals-0.1.1.tgz",
      "integrity": "sha512-q0RgdsDff/INQ9c1v22TZ0ehCLlzMNYj7eAK71w7gZUqWqrzmwZswpzjxwiTui0vVHYXuBQF2xY+/Po/cixFGg==",
      "license": "ISC",
      "dependencies": {
        "exupery-core-types": "^0.1.0"
      }
    },
    "node_modules/exupery-core-types": {
      "version": "0.1.0",
      "resolved": "https://registry.npmjs.org/exupery-core-types/-/exupery-core-types-0.1.0.tgz",
      "integrity": "sha512-ah5/BRL2wuby3Fv8CgmOnx1qF4ICPjpTlYWROFwGNwRXHsZdL3gKLVcqwHxDpxpGD/32kbl4PFD4N5yUc3sYPg==",
      "license": "Apache-2.0"
    }
  }
}
