{
  "name": "exupery-core-alg",
  "version": "0.5.9",
  "lockfileVersion": 3,
  "requires": true,
  "packages": {
    "": {
      "name": "exupery-core-alg",
      "version": "0.5.9",
      "license": "ISC",
      "dependencies": {
        "exupery-core-internals": "^0.3.7"
      }
    },
    "node_modules/exupery-core-internals": {
      "version": "0.3.7",
      "resolved": "https://registry.npmjs.org/exupery-core-internals/-/exupery-core-internals-0.3.7.tgz",
      "integrity": "sha512-kqX3FDYKQLROQZJ8SPp0NXh+D5QjGquESika7oEOZ/wCgYvLrzmxdIq8ZHWPe+M7hCFbiEFTR/j2RR45ZHApMg==",
      "license": "ISC",
      "dependencies": {
        "exupery-core-types": "^0.3.33"
      }
    },
    "node_modules/exupery-core-types": {
      "version": "0.3.33",
      "resolved": "https://registry.npmjs.org/exupery-core-types/-/exupery-core-types-0.3.33.tgz",
      "integrity": "sha512-DdhEbItUBZ53vjQFZOuwwLixW8xCDAqb0DP90sB0PFWr+3GCMUYezvCn+qOZRSox5M7hC57rZL1gYd6zRBWkfQ==",
      "license": "Apache-2.0"
    }
  }
}
