{
  "name": "exupery-core-alg",
  "version": "0.5.15",
  "lockfileVersion": 3,
  "requires": true,
  "packages": {
    "": {
      "name": "exupery-core-alg",
      "version": "0.5.15",
      "license": "ISC",
      "dependencies": {
        "exupery-core-internals": "^0.3.20"
      }
    },
    "node_modules/exupery-core-internals": {
      "version": "0.3.20",
      "resolved": "https://registry.npmjs.org/exupery-core-internals/-/exupery-core-internals-0.3.20.tgz",
      "integrity": "sha512-4NHfQJKGiiHjZhLDG8W2BogoSHAJKgqkiZkdv3mHuB3/V263NcCBheIt55jfgjdC6m9RK6tQm1RN/kpXPqQQwQ==",
      "license": "ISC",
      "dependencies": {
        "exupery-core-types": "^0.3.64"
      }
    },
    "node_modules/exupery-core-types": {
      "version": "0.3.65",
      "resolved": "https://registry.npmjs.org/exupery-core-types/-/exupery-core-types-0.3.65.tgz",
      "integrity": "sha512-iPfR7eCR96DhTcsYiZzOufoY9CtVl4koyAvNq4N3CLy10v/UuGpG1vZdLjQhiV0200QlO/O08goBIy5Eoa0mig==",
      "license": "Apache-2.0"
    }
  }
}
