{
  "name": "exupery-core-dev",
  "version": "0.10.2",
  "lockfileVersion": 3,
  "requires": true,
  "packages": {
    "": {
      "name": "exupery-core-dev",
      "version": "0.10.2",
      "license": "ISC",
      "dependencies": {
        "exupery-core-internals": "^0.23.2"
      }
    },
    "node_modules/exupery-core-internals": {
      "version": "0.23.1",
      "resolved": "https://registry.npmjs.org/exupery-core-internals/-/exupery-core-internals-0.23.1.tgz",
      "integrity": "sha512-OLGUAigzx1RPOaP7RLgp9M4BHvWZWmFX0ddaBqzuPDF+wZc4KUwdJuf3GK85c2Cn9T73+/zEPj4B1GJyt/mMbQ==",
      "license": "ISC",
      "dependencies": {
        "exupery-core-types": "^0.17.2"
      }
    },
    "node_modules/exupery-core-types": {
      "version": "0.17.2",
      "resolved": "https://registry.npmjs.org/exupery-core-types/-/exupery-core-types-0.17.2.tgz",
      "integrity": "sha512-nYMMUDZqeE+WrPfr28dpDKTQMBLEgZ2dCgVdFlROG0Wp3J+1ID8CY+dvjyeimtv9e4zg7Vqiw4VdW3k1G/5E4w==",
      "license": "ISC"
    }
  }
}
