{
  "name": "exupery-core-internals",
  "version": "0.3.12",
  "lockfileVersion": 3,
  "requires": true,
  "packages": {
    "": {
      "name": "exupery-core-internals",
      "version": "0.3.12",
      "license": "ISC",
      "dependencies": {
        "exupery-core-types": "^0.3.44"
      }
    },
    "node_modules/exupery-core-types": {
      "version": "0.3.44",
      "resolved": "https://registry.npmjs.org/exupery-core-types/-/exupery-core-types-0.3.44.tgz",
      "integrity": "sha512-hnbxHp+7Y8s6tCTk3IOGuEsnZQGUUZC8LEU+xqPllhNaDSlT/QtB2u2855IUJQz9DH0Sp8lDZCCH9p8+u7Am0Q==",
      "license": "Apache-2.0"
    }
  }
}
