{
  "name": "exupery-core-internals",
  "version": "0.3.3",
  "lockfileVersion": 3,
  "requires": true,
  "packages": {
    "": {
      "name": "exupery-core-internals",
      "version": "0.3.3",
      "license": "ISC",
      "dependencies": {
        "exupery-core-types": "^0.3.31"
      }
    },
    "node_modules/exupery-core-types": {
      "version": "0.3.31",
      "resolved": "https://registry.npmjs.org/exupery-core-types/-/exupery-core-types-0.3.31.tgz",
      "integrity": "sha512-GMtkZeaLq9AY8XvXW6CqaMyJWWd7NHCeBiPNNaHakgKyNIa3paaZV29gAeM+pZzNNIasCd6NsAVG1UagKHhVTw==",
      "license": "Apache-2.0"
    }
  }
}
