{
  "name": "exupery-core-internals",
  "version": "0.3.19",
  "lockfileVersion": 3,
  "requires": true,
  "packages": {
    "": {
      "name": "exupery-core-internals",
      "version": "0.3.19",
      "license": "ISC",
      "dependencies": {
        "exupery-core-types": "^0.3.63"
      }
    },
    "node_modules/exupery-core-types": {
      "version": "0.3.63",
      "resolved": "https://registry.npmjs.org/exupery-core-types/-/exupery-core-types-0.3.63.tgz",
      "integrity": "sha512-CsEhO28sAkQ0ksDauKZ76ai4o/g7+R9EG1fPOcYbEqKsTJ8GiEuriccUkAovso0czw1UjT8XPxhp+LzasMIN1g==",
      "license": "Apache-2.0"
    }
  }
}
